// !$*UTF8*$!
{
	archiveVersion = 1;
	classes = {
	};
	objectVersion = 46;
	objects = {

/* Begin PBXBuildFile section */
		BD2986FB1EF18FBD00232333 /* PlaylistTableViewController.swift in Sources */ = {isa = PBXBuildFile; fileRef = BD2986FA1EF18FBD00232333 /* PlaylistTableViewController.swift */; };
		BD2986FD1EF18FDD00232333 /* PlaylistTableViewCell.swift in Sources */ = {isa = PBXBuildFile; fileRef = BD2986FC1EF18FDD00232333 /* PlaylistTableViewCell.swift */; };
		BD2986FF1EF1917F00232333 /* GoogleService-Info.plist in Resources */ = {isa = PBXBuildFile; fileRef = BD2986FE1EF1917F00232333 /* GoogleService-Info.plist */; };
		BDE9EBE81EF0D82700488043 /* AppDelegate.swift in Sources */ = {isa = PBXBuildFile; fileRef = BDE9EBE71EF0D82700488043 /* AppDelegate.swift */; };
		BDE9EBED1EF0D82700488043 /* Main.storyboard in Resources */ = {isa = PBXBuildFile; fileRef = BDE9EBEB1EF0D82700488043 /* Main.storyboard */; };
		BDE9EBF21EF0D82700488043 /* LaunchScreen.storyboard in Resources */ = {isa = PBXBuildFile; fileRef = BDE9EBF01EF0D82700488043 /* LaunchScreen.storyboard */; };
		BDE9EBFA1EF0F6ED00488043 /* music.json in Resources */ = {isa = PBXBuildFile; fileRef = BDE9EBF91EF0F6ED00488043 /* music.json */; };
		BDE9EBFC1EF0F71D00488043 /* songsList.swift in Sources */ = {isa = PBXBuildFile; fileRef = BDE9EBFB1EF0F71D00488043 /* songsList.swift */; };
		BDE9EBFE1EF0F74300488043 /* EachSong.swift in Sources */ = {isa = PBXBuildFile; fileRef = BDE9EBFD1EF0F74200488043 /* EachSong.swift */; };
		BDF340DF1EF1F4DC0013BCD8 /* Assets.xcassets in Resources */ = {isa = PBXBuildFile; fileRef = BDF340DE1EF1F4DC0013BCD8 /* Assets.xcassets */; };
		FF77B2F0F899C0CD7E50E31D /* Pods_playlist.framework in Frameworks */ = {isa = PBXBuildFile; fileRef = F0D29E6C1B3DD8356E9AB57F /* Pods_playlist.framework */; };
/* End PBXBuildFile section */

/* Begin PBXFileReference section */
		066A0A34635C38F6FEAEECB9 /* Pods-playlist.debug.xcconfig */ = {isa = PBXFileReference; includeInIndex = 1; lastKnownFileType = text.xcconfig; name = "Pods-playlist.debug.xcconfig"; path = "Pods/Target Support Files/Pods-playlist/Pods-playlist.debug.xcconfig"; sourceTree = "<group>"; };
		525CC2C8D310C020E339E042 /* Pods-playlist.release.xcconfig */ = {isa = PBXFileReference; includeInIndex = 1; lastKnownFileType = text.xcconfig; name = "Pods-playlist.release.xcconfig"; path = "Pods/Target Support Files/Pods-playlist/Pods-playlist.release.xcconfig"; sourceTree = "<group>"; };
		BD2986FA1EF18FBD00232333 /* PlaylistTableViewController.swift */ = {isa = PBXFileReference; fileEncoding = 4; lastKnownFileType = sourcecode.swift; path = PlaylistTableViewController.swift; sourceTree = "<group>"; };
		BD2986FC1EF18FDD00232333 /* PlaylistTableViewCell.swift */ = {isa = PBXFileReference; fileEncoding = 4; lastKnownFileType = sourcecode.swift; path = PlaylistTableViewCell.swift; sourceTree = "<group>"; };
		BD2986FE1EF1917F00232333 /* GoogleService-Info.plist */ = {isa = PBXFileReference; fileEncoding = 4; lastKnownFileType = text.plist.xml; path = "GoogleService-Info.plist"; sourceTree = "<group>"; };
		BDE9EBE41EF0D82700488043 /* playlist.app */ = {isa = PBXFileReference; explicitFileType = wrapper.application; includeInIndex = 0; path = playlist.app; sourceTree = BUILT_PRODUCTS_DIR; };
		BDE9EBE71EF0D82700488043 /* AppDelegate.swift */ = {isa = PBXFileReference; lastKnownFileType = sourcecode.swift; path = AppDelegate.swift; sourceTree = "<group>"; };
		BDE9EBEC1EF0D82700488043 /* Base */ = {isa = PBXFileReference; lastKnownFileType = file.storyboard; name = Base; path = Base.lproj/Main.storyboard; sourceTree = "<group>"; };
		BDE9EBF11EF0D82700488043 /* Base */ = {isa = PBXFileReference; lastKnownFileType = file.storyboard; name = Base; path = Base.lproj/LaunchScreen.storyboard; sourceTree = "<group>"; };
		BDE9EBF31EF0D82700488043 /* Info.plist */ = {isa = PBXFileReference; lastKnownFileType = text.plist.xml; path = Info.plist; sourceTree = "<group>"; };
		BDE9EBF91EF0F6ED00488043 /* music.json */ = {isa = PBXFileReference; fileEncoding = 4; lastKnownFileType = text.json; path = music.json; sourceTree = "<group>"; };
		BDE9EBFB1EF0F71D00488043 /* songsList.swift */ = {isa = PBXFileReference; fileEncoding = 4; lastKnownFileType = sourcecode.swift; path = songsList.swift; sourceTree = "<group>"; };
		BDE9EBFD1EF0F74200488043 /* EachSong.swift */ = {isa = PBXFileReference; fileEncoding = 4; lastKnownFileType = sourcecode.swift; path = EachSong.swift; sourceTree = "<group>"; };
		BDF340DE1EF1F4DC0013BCD8 /* Assets.xcassets */ = {isa = PBXFileReference; lastKnownFileType = folder.assetcatalog; path = Assets.xcassets; sourceTree = "<group>"; };
		F0D29E6C1B3DD8356E9AB57F /* Pods_playlist.framework */ = {isa = PBXFileReference; explicitFileType = wrapper.framework; includeInIndex = 0; path = Pods_playlist.framework; sourceTree = BUILT_PRODUCTS_DIR; };
/* End PBXFileReference section */

/* Begin PBXFrameworksBuildPhase section */
		BDE9EBE11EF0D82700488043 /* Frameworks */ = {
			isa = PBXFrameworksBuildPhase;
			buildActionMask = 2147483647;
			files = (
				FF77B2F0F899C0CD7E50E31D /* Pods_playlist.framework in Frameworks */,
			);
			runOnlyForDeploymentPostprocessing = 0;
		};
/* End PBXFrameworksBuildPhase section */

/* Begin PBXGroup section */
		4EA7F2D82E5809B182EBDAC1 /* Frameworks */ = {
			isa = PBXGroup;
			children = (
				F0D29E6C1B3DD8356E9AB57F /* Pods_playlist.framework */,
			);
			name = Frameworks;
			sourceTree = "<group>";
		};
		58BF591D9D5585628BCA9B5A /* Pods */ = {
			isa = PBXGroup;
			children = (
				066A0A34635C38F6FEAEECB9 /* Pods-playlist.debug.xcconfig */,
				525CC2C8D310C020E339E042 /* Pods-playlist.release.xcconfig */,
			);
			name = Pods;
			sourceTree = "<group>";
		};
		BDE9EBDB1EF0D82700488043 = {
			isa = PBXGroup;
			children = (
				BDE9EBE61EF0D82700488043 /* playlist */,
				BDE9EBE51EF0D82700488043 /* Products */,
				58BF591D9D5585628BCA9B5A /* Pods */,
				4EA7F2D82E5809B182EBDAC1 /* Frameworks */,
			);
			sourceTree = "<group>";
		};
		BDE9EBE51EF0D82700488043 /* Products */ = {
			isa = PBXGroup;
			children = (
				BDE9EBE41EF0D82700488043 /* playlist.app */,
			);
			name = Products;
			sourceTree = "<group>";
		};
		BDE9EBE61EF0D82700488043 /* playlist */ = {
			isa = PBXGroup;
			children = (
				BD2986FE1EF1917F00232333 /* GoogleService-Info.plist */,
				BDF340DE1EF1F4DC0013BCD8 /* Assets.xcassets */,
				BDE9EBF91EF0F6ED00488043 /* music.json */,
				BDE9EBE71EF0D82700488043 /* AppDelegate.swift */,
				BDE9EBEB1EF0D82700488043 /* Main.storyboard */,
				BD2986FA1EF18FBD00232333 /* PlaylistTableViewController.swift */,
				BD2986FC1EF18FDD00232333 /* PlaylistTableViewCell.swift */,
				BDE9EBFB1EF0F71D00488043 /* songsList.swift */,
				BDE9EBFD1EF0F74200488043 /* EachSong.swift */,
				BDE9EBF01EF0D82700488043 /* LaunchScreen.storyboard */,
				BDE9EBF31EF0D82700488043 /* Info.plist */,
			);
			path = playlist;
			sourceTree = "<group>";
		};
/* End PBXGroup section */

/* Begin PBXNativeTarget section */
		BDE9EBE31EF0D82700488043 /* playlist */ = {
			isa = PBXNativeTarget;
			buildConfigurationList = BDE9EBF61EF0D82700488043 /* Build configuration list for PBXNativeTarget "playlist" */;
			buildPhases = (
				CE13D72239988E3BDD255E9A /* [CP] Check Pods Manifest.lock */,
				BDE9EBE01EF0D82700488043 /* Sources */,
				BDE9EBE11EF0D82700488043 /* Frameworks */,
				BDE9EBE21EF0D82700488043 /* Resources */,
				757888FA02EF84A5CA105AD2 /* [CP] Embed Pods Frameworks */,
				6A7ED72A09F023127219DC71 /* [CP] Copy Pods Resources */,
			);
			buildRules = (
			);
			dependencies = (
			);
			name = playlist;
			productName = playlist;
			productReference = BDE9EBE41EF0D82700488043 /* playlist.app */;
			productType = "com.apple.product-type.application";
		};
/* End PBXNativeTarget section */

/* Begin PBXProject section */
		BDE9EBDC1EF0D82700488043 /* Project object */ = {
			isa = PBXProject;
			attributes = {
				LastSwiftUpdateCheck = 0830;
				LastUpgradeCheck = 0830;
				ORGANIZATIONNAME = SuProject;
				TargetAttributes = {
					BDE9EBE31EF0D82700488043 = {
						CreatedOnToolsVersion = 8.3.1;
						DevelopmentTeam = C9Q78X9Z3M;
						ProvisioningStyle = Automatic;
					};
				};
			};
			buildConfigurationList = BDE9EBDF1EF0D82700488043 /* Build configuration list for PBXProject "playlist" */;
			compatibilityVersion = "Xcode 3.2";
			developmentRegion = English;
			hasScannedForEncodings = 0;
			knownRegions = (
				en,
				Base,
			);
			mainGroup = BDE9EBDB1EF0D82700488043;
			productRefGroup = BDE9EBE51EF0D82700488043 /* Products */;
			projectDirPath = "";
			projectRoot = "";
			targets = (
				BDE9EBE31EF0D82700488043 /* playlist */,
			);
		};
/* End PBXProject section */

/* Begin PBXResourcesBuildPhase section */
		BDE9EBE21EF0D82700488043 /* Resources */ = {
			isa = PBXResourcesBuildPhase;
			buildActionMask = 2147483647;
			files = (
				BDE9EBF21EF0D82700488043 /* LaunchScreen.storyboard in Resources */,
				BD2986FF1EF1917F00232333 /* GoogleService-Info.plist in Resources */,
				BDE9EBED1EF0D82700488043 /* Main.storyboard in Resources */,
				BDE9EBFA1EF0F6ED00488043 /* music.json in Resources */,
				BDF340DF1EF1F4DC0013BCD8 /* Assets.xcassets in Resources */,
			);
			runOnlyForDeploymentPostprocessing = 0;
		};
/* End PBXResourcesBuildPhase section */

/* Begin PBXShellScriptBuildPhase section */
		6A7ED72A09F023127219DC71 /* [CP] Copy Pods Resources */ = {
			isa = PBXShellScriptBuildPhase;
			buildActionMask = 2147483647;
			files = (
			);
			inputPaths = (
			);
			name = "[CP] Copy Pods Resources";
			outputPaths = (
			);
			runOnlyForDeploymentPostprocessing = 0;
			shellPath = /bin/sh;
			shellScript = "\"${SRCROOT}/Pods/Target Support Files/Pods-playlist/Pods-playlist-resources.sh\"\n";
			showEnvVarsInLog = 0;
		};
		757888FA02EF84A5CA105AD2 /* [CP] Embed Pods Frameworks */ = {
			isa = PBXShellScriptBuildPhase;
			buildActionMask = 2147483647;
			files = (
			);
			inputPaths = (
			);
			name = "[CP] Embed Pods Frameworks";
			outputPaths = (
			);
			runOnlyForDeploymentPostprocessing = 0;
			shellPath = /bin/sh;
			shellScript = "\"${SRCROOT}/Pods/Target Support Files/Pods-playlist/Pods-playlist-frameworks.sh\"\n";
			showEnvVarsInLog = 0;
		};
		CE13D72239988E3BDD255E9A /* [CP] Check Pods Manifest.lock */ = {
			isa = PBXShellScriptBuildPhase;
			buildActionMask = 2147483647;
			files = (
			);
			inputPaths = (
			);
			name = "[CP] Check Pods Manifest.lock";
			outputPaths = (
			);
			runOnlyForDeploymentPostprocessing = 0;
			shellPath = /bin/sh;
			shellScript = "diff \"${PODS_ROOT}/../Podfile.lock\" \"${PODS_ROOT}/Manifest.lock\" > /dev/null\nif [ $? != 0 ] ; then\n    # print error to STDERR\n    echo \"error: The sandbox is not in sync with the Podfile.lock. Run 'pod install' or update your CocoaPods installation.\" >&2\n    exit 1\nfi\n";
			showEnvVarsInLog = 0;
		};
/* End PBXShellScriptBuildPhase section */

/* Begin PBXSourcesBuildPhase section */
		BDE9EBE01EF0D82700488043 /* Sources */ = {
			isa = PBXSourcesBuildPhase;
			buildActionMask = 2147483647;
			files = (
				BD2986FD1EF18FDD00232333 /* PlaylistTableViewCell.swift in Sources */,
				BDE9EBFC1EF0F71D00488043 /* songsList.swift in Sources */,
				BDE9EBFE1EF0F74300488043 /* EachSong.swift in Sources */,
				BDE9EBE81EF0D82700488043 /* AppDelegate.swift in Sources */,
				BD2986FB1EF18FBD00232333 /* PlaylistTableViewController.swift in Sources */,
			);
			runOnlyForDeploymentPostprocessing = 0;
		};
/* End PBXSourcesBuildPhase section */

/* Begin PBXVariantGroup section */
		BDE9EBEB1EF0D82700488043 /* Main.storyboard */ = {
			isa = PBXVariantGroup;
			children = (
				BDE9EBEC1EF0D82700488043 /* Base */,
			);
			name = Main.storyboard;
			sourceTree = "<group>";
		};
		BDE9EBF01EF0D82700488043 /* LaunchScreen.storyboard */ = {
			isa = PBXVariantGroup;
			children = (
				BDE9EBF11EF0D82700488043 /* Base */,
			);
			name = LaunchScreen.storyboard;
			sourceTree = "<group>";
		};
/* End PBXVariantGroup section */

/* Begin XCBuildConfiguration section */
		BDE9EBF41EF0D82700488043 /* Debug */ = {
			isa = XCBuildConfiguration;
			buildSettings = {
				ALWAYS_SEARCH_USER_PATHS = NO;
				CLANG_ANALYZER_NONNULL = YES;
				CLANG_ANALYZER_NUMBER_OBJECT_CONVERSION = YES_AGGRESSIVE;
				CLANG_CXX_LANGUAGE_STANDARD = "gnu++0x";
				CLANG_CXX_LIBRARY = "libc++";
				CLANG_ENABLE_MODULES = YES;
				CLANG_ENABLE_OBJC_ARC = YES;
				CLANG_WARN_BOOL_CONVERSION = YES;
				CLANG_WARN_CONSTANT_CONVERSION = YES;
				CLANG_WARN_DIRECT_OBJC_ISA_USAGE = YES_ERROR;
				CLANG_WARN_DOCUMENTATION_COMMENTS = YES;
				CLANG_WARN_EMPTY_BODY = YES;
				CLANG_WARN_ENUM_CONVERSION = YES;
				CLANG_WARN_INFINITE_RECURSION = YES;
				CLANG_WARN_INT_CONVERSION = YES;
				CLANG_WARN_OBJC_ROOT_CLASS = YES_ERROR;
				CLANG_WARN_SUSPICIOUS_MOVE = YES;
				CLANG_WARN_UNREACHABLE_CODE = YES;
				CLANG_WARN__DUPLICATE_METHOD_MATCH = YES;
				"CODE_SIGN_IDENTITY[sdk=iphoneos*]" = "iPhone Developer";
				COPY_PHASE_STRIP = NO;
				DEBUG_INFORMATION_FORMAT = dwarf;
				ENABLE_STRICT_OBJC_MSGSEND = YES;
				ENABLE_TESTABILITY = YES;
				GCC_C_LANGUAGE_STANDARD = gnu99;
				GCC_DYNAMIC_NO_PIC = NO;
				GCC_NO_COMMON_BLOCKS = YES;
				GCC_OPTIMIZATION_LEVEL = 0;
				GCC_PREPROCESSOR_DEFINITIONS = (
					"DEBUG=1",
					"$(inherited)",
				);
				GCC_WARN_64_TO_32_BIT_CONVERSION = YES;
				GCC_WARN_ABOUT_RETURN_TYPE = YES_ERROR;
				GCC_WARN_UNDECLARED_SELECTOR = YES;
				GCC_WARN_UNINITIALIZED_AUTOS = YES_AGGRESSIVE;
				GCC_WARN_UNUSED_FUNCTION = YES;
				GCC_WARN_UNUSED_VARIABLE = YES;
				IPHONEOS_DEPLOYMENT_TARGET = 10.3;
				MTL_ENABLE_DEBUG_INFO = YES;
				ONLY_ACTIVE_ARCH = YES;
				SDKROOT = iphoneos;
				SWIFT_ACTIVE_COMPILATION_CONDITIONS = DEBUG;
				SWIFT_OPTIMIZATION_LEVEL = "-Onone";
			};
			name = Debug;
		};
		BDE9EBF51EF0D82700488043 /* Release */ = {
			isa = XCBuildConfiguration;
			buildSettings = {
				ALWAYS_SEARCH_USER_PATHS = NO;
				CLANG_ANALYZER_NONNULL = YES;
				CLANG_ANALYZER_NUMBER_OBJECT_CONVERSION = YES_AGGRESSIVE;
				CLANG_CXX_LANGUAGE_STANDARD = "gnu++0x";
				CLANG_CXX_LIBRARY = "libc++";
				CLANG_ENABLE_MODULES = YES;
				CLANG_ENABLE_OBJC_ARC = YES;
				CLANG_WARN_BOOL_CONVERSION = YES;
				CLANG_WARN_CONSTANT_CONVERSION = YES;
				CLANG_WARN_DIRECT_OBJC_ISA_USAGE = YES_ERROR;
				CLANG_WARN_DOCUMENTATION_COMMENTS = YES;
				CLANG_WARN_EMPTY_BODY = YES;
				CLANG_WARN_ENUM_CONVERSION = YES;
				CLANG_WARN_INFINITE_RECURSION = YES;
				CLANG_WARN_INT_CONVERSION = YES;
				CLANG_WARN_OBJC_ROOT_CLASS = YES_ERROR;
				CLANG_WARN_SUSPICIOUS_MOVE = YES;
				CLANG_WARN_UNREACHABLE_CODE = YES;
				CLANG_WARN__DUPLICATE_METHOD_MATCH = YES;
				"CODE_SIGN_IDENTITY[sdk=iphoneos*]" = "iPhone Developer";
				COPY_PHASE_STRIP = NO;
				DEBUG_INFORMATION_FORMAT = "dwarf-with-dsym";
				ENABLE_NS_ASSERTIONS = NO;
				ENABLE_STRICT_OBJC_MSGSEND = YES;
				GCC_C_LANGUAGE_STANDARD = gnu99;
				GCC_NO_COMMON_BLOCKS = YES;
				GCC_WARN_64_TO_32_BIT_CONVERSION = YES;
				GCC_WARN_ABOUT_RETURN_TYPE = YES_ERROR;
				GCC_WARN_UNDECLARED_SELECTOR = YES;
				GCC_WARN_UNINITIALIZED_AUTOS = YES_AGGRESSIVE;
				GCC_WARN_UNUSED_FUNCTION = YES;
				GCC_WARN_UNUSED_VARIABLE = YES;
				IPHONEOS_DEPLOYMENT_TARGET = 10.3;
				MTL_ENABLE_DEBUG_INFO = NO;
				SDKROOT = iphoneos;
				SWIFT_OPTIMIZATION_LEVEL = "-Owholemodule";
				VALIDATE_PRODUCT = YES;
			};
			name = Release;
		};
		BDE9EBF71EF0D82700488043 /* Debug */ = {
			isa = XCBuildConfiguration;
			baseConfigurationReference = 066A0A34635C38F6FEAEECB9 /* Pods-playlist.debug.xcconfig */;
			buildSettings = {
				ASSETCATALOG_COMPILER_APPICON_NAME = AppIcon;
				DEVELOPMENT_TEAM = C9Q78X9Z3M;
				INFOPLIST_FILE = playlist/Info.plist;
				LD_RUNPATH_SEARCH_PATHS = "$(inherited) @executable_path/Frameworks";
				PRODUCT_BUNDLE_IDENTIFIER = com.sucherry.playlist;
				PRODUCT_NAME = "$(TARGET_NAME)";
				SWIFT_VERSION = 3.0;
			};
			name = Debug;
		};
		BDE9EBF81EF0D82700488043 /* Release */ = {
			isa = XCBuildConfiguration;
			baseConfigurationReference = 525CC2C8D310C020E339E042 /* Pods-playlist.release.xcconfig */;
			buildSettings = {
				ASSETCATALOG_COMPILER_APPICON_NAME = AppIcon;
				DEVELOPMENT_TEAM = C9Q78X9Z3M;
				INFOPLIST_FILE = playlist/Info.plist;
				LD_RUNPATH_SEARCH_PATHS = "$(inherited) @executable_path/Frameworks";
				PRODUCT_BUNDLE_IDENTIFIER = com.sucherry.playlist;
				PRODUCT_NAME = "$(TARGET_NAME)";
				SWIFT_VERSION = 3.0;
			};
			name = Release;
		};
/* End XCBuildConfiguration section */

/* Begin XCConfigurationList section */
		BDE9EBDF1EF0D82700488043 /* Build configuration list for PBXProject "playlist" */ = {
			isa = XCConfigurationList;
			buildConfigurations = (
				BDE9EBF41EF0D82700488043 /* Debug */,
				BDE9EBF51EF0D82700488043 /* Release */,
			);
			defaultConfigurationIsVisible = 0;
			defaultConfigurationName = Release;
		};
		BDE9EBF61EF0D82700488043 /* Build configuration list for PBXNativeTarget "playlist" */ = {
			isa = XCConfigurationList;
			buildConfigurations = (
				BDE9EBF71EF0D82700488043 /* Debug */,
				BDE9EBF81EF0D82700488043 /* Release */,
			);
			defaultConfigurationIsVisible = 0;
			defaultConfigurationName = Release;
		};
/* End XCConfigurationList section */
	};
	rootObject = BDE9EBDC1EF0D82700488043 /* Project object */;
}
